
Microsoft Visual Studio Solution File, Format Version 12.00
# Visual Studio Version 17
VisualStudioVersion = 17.0.32014.148
MinimumVisualStudioVersion = 10.0.40219.1
Project("{9A19103F-16F7-4668-BE54-9A1E7A4F7556}") = "TutorialBook", "TutorialBook.csproj", "{A73D94F3-6D09-49C0-82C8-EF388A95D3B9}"
EndProject
Project("{9A19103F-16F7-4668-BE54-9A1E7A4F7556}") = "TutorialBookTest", "..\TutorialBookTest\TutorialBookTest.csproj", "{B1D443D9-01FA-4870-A3A8-130092A6CD1E}"
EndProject
Global
	GlobalSection(SolutionConfigurationPlatforms) = preSolution
		Debug|Any CPU = Debug|Any CPU
		Release|Any CPU = Release|Any CPU
	EndGlobalSection
	GlobalSection(ProjectConfigurationPlatforms) = postSolution
		{A73D94F3-6D09-49C0-82C8-EF388A95D3B9}.Debug|Any CPU.ActiveCfg = Debug|Any CPU
		{A73D94F3-6D09-49C0-82C8-EF388A95D3B9}.Debug|Any CPU.Build.0 = Debug|Any CPU
		{A73D94F3-6D09-49C0-82C8-EF388A95D3B9}.Release|Any CPU.ActiveCfg = Release|Any CPU
		{A73D94F3-6D09-49C0-82C8-EF388A95D3B9}.Release|Any CPU.Build.0 = Release|Any CPU
		{B1D443D9-01FA-4870-A3A8-130092A6CD1E}.Debug|Any CPU.ActiveCfg = Debug|Any CPU
		{B1D443D9-01FA-4870-A3A8-130092A6CD1E}.Debug|Any CPU.Build.0 = Debug|Any CPU
		{B1D443D9-01FA-4870-A3A8-130092A6CD1E}.Release|Any CPU.ActiveCfg = Release|Any CPU
		{B1D443D9-01FA-4870-A3A8-130092A6CD1E}.Release|Any CPU.Build.0 = Release|Any CPU
	EndGlobalSection
	GlobalSection(SolutionProperties) = preSolution
		HideSolutionNode = FALSE
	EndGlobalSection
	GlobalSection(ExtensibilityGlobals) = postSolution
		SolutionGuid = {CBCBA38C-488C-4712-9554-B7C3997DEA1F}
	EndGlobalSection
EndGlobal
